
Microsoft Visual Studio Solution File, Format Version 12.00
# Visual Studio Version 17
VisualStudioVersion = 17.2.32616.157
MinimumVisualStudioVersion = 10.0.40219.1
Project("{2150E333-8FDC-42A3-9474-1A3956D46DE8}") = "1. OOP + SOLID", "1. OOP + SOLID", "{F07BE446-F6E4-4CC0-B2FF-FD8C6947E2EC}"
EndProject
Project("{9A19103F-16F7-4668-BE54-9A1E7A4F7556}") = "SRP", "1. OOP + SOLID\SRP\SRP.csproj", "{46CEF0BF-71E7-40EA-A869-F02FDA6CB972}"
EndProject
Project("{2150E333-8FDC-42A3-9474-1A3956D46DE8}") = "Solution Items", "Solution Items", "{2737EF39-B6A8-4C21-9941-20DB0AB4286A}"
	ProjectSection(SolutionItems) = preProject
		.editorconfig = .editorconfig
	EndProjectSection
EndProject
Project("{9A19103F-16F7-4668-BE54-9A1E7A4F7556}") = "OCP", "1. OOP + SOLID\OCP\OCP.csproj", "{015E2252-8DBE-448A-B023-49658DD1C279}"
EndProject
Project("{9A19103F-16F7-4668-BE54-9A1E7A4F7556}") = "OCP Another solution", "1. OOP + SOLID\OCP Another solution\OCP Another solution.csproj", "{6F1B9BB8-A2BD-4F11-B06E-813EF0C2709B}"
EndProject
Project("{9A19103F-16F7-4668-BE54-9A1E7A4F7556}") = "LSP", "1. OOP + SOLID\LSP\LSP.csproj", "{BE263172-DD26-4295-9282-FC582C6E0739}"
EndProject
Project("{2150E333-8FDC-42A3-9474-1A3956D46DE8}") = "2. .NET", "2. .NET", "{54274C60-2F9E-4B73-AA09-3096442D709F}"
EndProject
Project("{FAE04EC0-301F-11D3-BF4B-00C04F79EFBC}") = "Binary Tree Task", "2. .NET\Binary Tree Task\Binary Tree Task.csproj", "{146708A4-F81D-44AE-81BB-76C48AAB0407}"
EndProject
Project("{2150E333-8FDC-42A3-9474-1A3956D46DE8}") = "8. ASP.NET + IIS", "8. ASP.NET + IIS", "{0103CF51-429F-44BB-8F9D-390FFCFF89FC}"
EndProject
Project("{9A19103F-16F7-4668-BE54-9A1E7A4F7556}") = "ASP MVC", "8. ASP.NET + IIS\ASP MVC\ASP MVC.csproj", "{EB90A39A-730C-4041-B785-7F60E65281C0}"
EndProject
Project("{2150E333-8FDC-42A3-9474-1A3956D46DE8}") = "10. ASP.NET Core Web API", "10. ASP.NET Core Web API", "{EC6A471F-754C-4807-B4BB-5BF6B6E29B3F}"
EndProject
Project("{2150E333-8FDC-42A3-9474-1A3956D46DE8}") = "Task1", "Task1", "{7043863C-9429-48A7-8B27-56C9840EBB1C}"
EndProject
Project("{FAE04EC0-301F-11D3-BF4B-00C04F79EFBC}") = "Task1.DataAccess", "10. ASP.NET Core Web API\Task1\Task1.DataAccess\Task1.DataAccess.csproj", "{A0EF7B01-D541-48A5-8973-78618DA8198B}"
EndProject
Project("{FAE04EC0-301F-11D3-BF4B-00C04F79EFBC}") = "Task1.BusinessLogic", "10. ASP.NET Core Web API\Task1\Task1.BusinessLogic\Task1.BusinessLogic.csproj", "{980C4459-F6A5-41A4-8226-69D7C7A0820E}"
EndProject
Project("{FAE04EC0-301F-11D3-BF4B-00C04F79EFBC}") = "Task1.WebAPI", "10. ASP.NET Core Web API\Task1\Task1.WebAPI\Task1.WebAPI.csproj", "{2C4BAF37-7283-4DA6-8BD3-C2BF2CBE93D8}"
EndProject
Project("{2150E333-8FDC-42A3-9474-1A3956D46DE8}") = "Task2", "Task2", "{DD7B2547-7A7E-4F60-A447-9F533D7F6C45}"
EndProject
Project("{FAE04EC0-301F-11D3-BF4B-00C04F79EFBC}") = "Task2.BusinessLogic", "10. ASP.NET Core Web API\Task2\Task2.BusinessLogic\Task2.BusinessLogic.csproj", "{A3A7ECC8-4775-47DD-87C4-1464966FA100}"
EndProject
Project("{FAE04EC0-301F-11D3-BF4B-00C04F79EFBC}") = "Task2.DataAccess", "10. ASP.NET Core Web API\Task2\Task2.DataAccess\Task2.DataAccess.csproj", "{594BBCD5-9994-46BE-944E-9C529F74E3E7}"
EndProject
Project("{FAE04EC0-301F-11D3-BF4B-00C04F79EFBC}") = "Task2.WebAPI", "10. ASP.NET Core Web API\Task2\Task2.WebAPI\Task2.WebAPI.csproj", "{C408F4CD-04A1-4030-9EA7-120954CBB40D}"
EndProject
Project("{FAE04EC0-301F-11D3-BF4B-00C04F79EFBC}") = "Book Task", "2. .NET\Book Task\Book Task.csproj", "{F0974635-C829-4C74-BFD9-F02E2E85A731}"
EndProject
Project("{FAE04EC0-301F-11D3-BF4B-00C04F79EFBC}") = "File Manager Task", "2. .NET\File Manager Task\File Manager Task.csproj", "{B19A5CED-91F4-4447-A69A-3C37B636D4EE}"
EndProject
Project("{2150E333-8FDC-42A3-9474-1A3956D46DE8}") = "3. Threads and asynchrony", "3. Threads and asynchrony", "{0ECF8E47-D982-466B-B567-D318C89C7FB3}"
EndProject
Project("{FAE04EC0-301F-11D3-BF4B-00C04F79EFBC}") = "Task1", "3. Threads and asynchrony\Task1\Task1.csproj", "{D28332C5-30C1-4913-B99A-6A686D1C5742}"
EndProject
Project("{2150E333-8FDC-42A3-9474-1A3956D46DE8}") = "4. Databases + SQL", "4. Databases + SQL", "{EE18BAEA-17A9-4B07-8F7C-5DCC180C38B3}"
	ProjectSection(SolutionItems) = preProject
		4. Databases + SQL\Task.sql = 4. Databases + SQL\Task.sql
	EndProjectSection
EndProject
Project("{2150E333-8FDC-42A3-9474-1A3956D46DE8}") = "5. ORM", "5. ORM", "{07E53129-8FD0-43F7-AC6B-1F064623E11B}"
EndProject
Project("{FAE04EC0-301F-11D3-BF4B-00C04F79EFBC}") = "ORM", "5. ORM\ORM\ORM.csproj", "{AFD2732A-A398-4C44-991D-01F93BB518A7}"
EndProject
Project("{2150E333-8FDC-42A3-9474-1A3956D46DE8}") = "9. ASP.NET Core MVC", "9. ASP.NET Core MVC", "{2E584EF3-A95D-4728-9165-0F33691D697F}"
EndProject
Project("{FAE04EC0-301F-11D3-BF4B-00C04F79EFBC}") = "Example.BusinessLogic", "9. ASP.NET Core MVC\Example.BusinessLogic\Example.BusinessLogic.csproj", "{311AC307-6C92-4A53-A1C1-D7B1EF85022E}"
EndProject
Project("{FAE04EC0-301F-11D3-BF4B-00C04F79EFBC}") = "Example.DataAccess", "9. ASP.NET Core MVC\Example.DataAccess\Example.DataAccess.csproj", "{1944D48F-DC68-4940-8208-106E7BD2C554}"
EndProject
Project("{FAE04EC0-301F-11D3-BF4B-00C04F79EFBC}") = "Example.Presentation", "9. ASP.NET Core MVC\Example.Presentation\Example.Presentation.csproj", "{8843DE35-98A0-468B-B837-FF9F3D48A471}"
EndProject
Global
	GlobalSection(SolutionConfigurationPlatforms) = preSolution
		Debug|Any CPU = Debug|Any CPU
		Release|Any CPU = Release|Any CPU
	EndGlobalSection
	GlobalSection(ProjectConfigurationPlatforms) = postSolution
		{46CEF0BF-71E7-40EA-A869-F02FDA6CB972}.Debug|Any CPU.ActiveCfg = Debug|Any CPU
		{46CEF0BF-71E7-40EA-A869-F02FDA6CB972}.Debug|Any CPU.Build.0 = Debug|Any CPU
		{46CEF0BF-71E7-40EA-A869-F02FDA6CB972}.Release|Any CPU.ActiveCfg = Release|Any CPU
		{46CEF0BF-71E7-40EA-A869-F02FDA6CB972}.Release|Any CPU.Build.0 = Release|Any CPU
		{015E2252-8DBE-448A-B023-49658DD1C279}.Debug|Any CPU.ActiveCfg = Debug|Any CPU
		{015E2252-8DBE-448A-B023-49658DD1C279}.Debug|Any CPU.Build.0 = Debug|Any CPU
		{015E2252-8DBE-448A-B023-49658DD1C279}.Release|Any CPU.ActiveCfg = Release|Any CPU
		{015E2252-8DBE-448A-B023-49658DD1C279}.Release|Any CPU.Build.0 = Release|Any CPU
		{6F1B9BB8-A2BD-4F11-B06E-813EF0C2709B}.Debug|Any CPU.ActiveCfg = Debug|Any CPU
		{6F1B9BB8-A2BD-4F11-B06E-813EF0C2709B}.Debug|Any CPU.Build.0 = Debug|Any CPU
		{6F1B9BB8-A2BD-4F11-B06E-813EF0C2709B}.Release|Any CPU.ActiveCfg = Release|Any CPU
		{6F1B9BB8-A2BD-4F11-B06E-813EF0C2709B}.Release|Any CPU.Build.0 = Release|Any CPU
		{BE263172-DD26-4295-9282-FC582C6E0739}.Debug|Any CPU.ActiveCfg = Debug|Any CPU
		{BE263172-DD26-4295-9282-FC582C6E0739}.Debug|Any CPU.Build.0 = Debug|Any CPU
		{BE263172-DD26-4295-9282-FC582C6E0739}.Release|Any CPU.ActiveCfg = Release|Any CPU
		{BE263172-DD26-4295-9282-FC582C6E0739}.Release|Any CPU.Build.0 = Release|Any CPU
		{146708A4-F81D-44AE-81BB-76C48AAB0407}.Debug|Any CPU.ActiveCfg = Debug|Any CPU
		{146708A4-F81D-44AE-81BB-76C48AAB0407}.Debug|Any CPU.Build.0 = Debug|Any CPU
		{146708A4-F81D-44AE-81BB-76C48AAB0407}.Release|Any CPU.ActiveCfg = Release|Any CPU
		{146708A4-F81D-44AE-81BB-76C48AAB0407}.Release|Any CPU.Build.0 = Release|Any CPU
		{EB90A39A-730C-4041-B785-7F60E65281C0}.Debug|Any CPU.ActiveCfg = Debug|Any CPU
		{EB90A39A-730C-4041-B785-7F60E65281C0}.Debug|Any CPU.Build.0 = Debug|Any CPU
		{EB90A39A-730C-4041-B785-7F60E65281C0}.Release|Any CPU.ActiveCfg = Release|Any CPU
		{EB90A39A-730C-4041-B785-7F60E65281C0}.Release|Any CPU.Build.0 = Release|Any CPU
		{A0EF7B01-D541-48A5-8973-78618DA8198B}.Debug|Any CPU.ActiveCfg = Debug|Any CPU
		{A0EF7B01-D541-48A5-8973-78618DA8198B}.Debug|Any CPU.Build.0 = Debug|Any CPU
		{A0EF7B01-D541-48A5-8973-78618DA8198B}.Release|Any CPU.ActiveCfg = Release|Any CPU
		{A0EF7B01-D541-48A5-8973-78618DA8198B}.Release|Any CPU.Build.0 = Release|Any CPU
		{980C4459-F6A5-41A4-8226-69D7C7A0820E}.Debug|Any CPU.ActiveCfg = Debug|Any CPU
		{980C4459-F6A5-41A4-8226-69D7C7A0820E}.Debug|Any CPU.Build.0 = Debug|Any CPU
		{980C4459-F6A5-41A4-8226-69D7C7A0820E}.Release|Any CPU.ActiveCfg = Release|Any CPU
		{980C4459-F6A5-41A4-8226-69D7C7A0820E}.Release|Any CPU.Build.0 = Release|Any CPU
		{2C4BAF37-7283-4DA6-8BD3-C2BF2CBE93D8}.Debug|Any CPU.ActiveCfg = Debug|Any CPU
		{2C4BAF37-7283-4DA6-8BD3-C2BF2CBE93D8}.Debug|Any CPU.Build.0 = Debug|Any CPU
		{2C4BAF37-7283-4DA6-8BD3-C2BF2CBE93D8}.Release|Any CPU.ActiveCfg = Release|Any CPU
		{2C4BAF37-7283-4DA6-8BD3-C2BF2CBE93D8}.Release|Any CPU.Build.0 = Release|Any CPU
		{A3A7ECC8-4775-47DD-87C4-1464966FA100}.Debug|Any CPU.ActiveCfg = Debug|Any CPU
		{A3A7ECC8-4775-47DD-87C4-1464966FA100}.Debug|Any CPU.Build.0 = Debug|Any CPU
		{A3A7ECC8-4775-47DD-87C4-1464966FA100}.Release|Any CPU.ActiveCfg = Release|Any CPU
		{A3A7ECC8-4775-47DD-87C4-1464966FA100}.Release|Any CPU.Build.0 = Release|Any CPU
		{594BBCD5-9994-46BE-944E-9C529F74E3E7}.Debug|Any CPU.ActiveCfg = Debug|Any CPU
		{594BBCD5-9994-46BE-944E-9C529F74E3E7}.Debug|Any CPU.Build.0 = Debug|Any CPU
		{594BBCD5-9994-46BE-944E-9C529F74E3E7}.Release|Any CPU.ActiveCfg = Release|Any CPU
		{594BBCD5-9994-46BE-944E-9C529F74E3E7}.Release|Any CPU.Build.0 = Release|Any CPU
		{C408F4CD-04A1-4030-9EA7-120954CBB40D}.Debug|Any CPU.ActiveCfg = Debug|Any CPU
		{C408F4CD-04A1-4030-9EA7-120954CBB40D}.Debug|Any CPU.Build.0 = Debug|Any CPU
		{C408F4CD-04A1-4030-9EA7-120954CBB40D}.Release|Any CPU.ActiveCfg = Release|Any CPU
		{C408F4CD-04A1-4030-9EA7-120954CBB40D}.Release|Any CPU.Build.0 = Release|Any CPU
		{F0974635-C829-4C74-BFD9-F02E2E85A731}.Debug|Any CPU.ActiveCfg = Debug|Any CPU
		{F0974635-C829-4C74-BFD9-F02E2E85A731}.Debug|Any CPU.Build.0 = Debug|Any CPU
		{F0974635-C829-4C74-BFD9-F02E2E85A731}.Release|Any CPU.ActiveCfg = Release|Any CPU
		{F0974635-C829-4C74-BFD9-F02E2E85A731}.Release|Any CPU.Build.0 = Release|Any CPU
		{B19A5CED-91F4-4447-A69A-3C37B636D4EE}.Debug|Any CPU.ActiveCfg = Debug|Any CPU
		{B19A5CED-91F4-4447-A69A-3C37B636D4EE}.Debug|Any CPU.Build.0 = Debug|Any CPU
		{B19A5CED-91F4-4447-A69A-3C37B636D4EE}.Release|Any CPU.ActiveCfg = Release|Any CPU
		{B19A5CED-91F4-4447-A69A-3C37B636D4EE}.Release|Any CPU.Build.0 = Release|Any CPU
		{D28332C5-30C1-4913-B99A-6A686D1C5742}.Debug|Any CPU.ActiveCfg = Debug|Any CPU
		{D28332C5-30C1-4913-B99A-6A686D1C5742}.Debug|Any CPU.Build.0 = Debug|Any CPU
		{D28332C5-30C1-4913-B99A-6A686D1C5742}.Release|Any CPU.ActiveCfg = Release|Any CPU
		{D28332C5-30C1-4913-B99A-6A686D1C5742}.Release|Any CPU.Build.0 = Release|Any CPU
		{AFD2732A-A398-4C44-991D-01F93BB518A7}.Debug|Any CPU.ActiveCfg = Debug|Any CPU
		{AFD2732A-A398-4C44-991D-01F93BB518A7}.Debug|Any CPU.Build.0 = Debug|Any CPU
		{AFD2732A-A398-4C44-991D-01F93BB518A7}.Release|Any CPU.ActiveCfg = Release|Any CPU
		{AFD2732A-A398-4C44-991D-01F93BB518A7}.Release|Any CPU.Build.0 = Release|Any CPU
		{311AC307-6C92-4A53-A1C1-D7B1EF85022E}.Debug|Any CPU.ActiveCfg = Debug|Any CPU
		{311AC307-6C92-4A53-A1C1-D7B1EF85022E}.Debug|Any CPU.Build.0 = Debug|Any CPU
		{311AC307-6C92-4A53-A1C1-D7B1EF85022E}.Release|Any CPU.ActiveCfg = Release|Any CPU
		{311AC307-6C92-4A53-A1C1-D7B1EF85022E}.Release|Any CPU.Build.0 = Release|Any CPU
		{1944D48F-DC68-4940-8208-106E7BD2C554}.Debug|Any CPU.ActiveCfg = Debug|Any CPU
		{1944D48F-DC68-4940-8208-106E7BD2C554}.Debug|Any CPU.Build.0 = Debug|Any CPU
		{1944D48F-DC68-4940-8208-106E7BD2C554}.Release|Any CPU.ActiveCfg = Release|Any CPU
		{1944D48F-DC68-4940-8208-106E7BD2C554}.Release|Any CPU.Build.0 = Release|Any CPU
		{8843DE35-98A0-468B-B837-FF9F3D48A471}.Debug|Any CPU.ActiveCfg = Debug|Any CPU
		{8843DE35-98A0-468B-B837-FF9F3D48A471}.Debug|Any CPU.Build.0 = Debug|Any CPU
		{8843DE35-98A0-468B-B837-FF9F3D48A471}.Release|Any CPU.ActiveCfg = Release|Any CPU
		{8843DE35-98A0-468B-B837-FF9F3D48A471}.Release|Any CPU.Build.0 = Release|Any CPU
	EndGlobalSection
	GlobalSection(SolutionProperties) = preSolution
		HideSolutionNode = FALSE
	EndGlobalSection
	GlobalSection(NestedProjects) = preSolution
		{46CEF0BF-71E7-40EA-A869-F02FDA6CB972} = {F07BE446-F6E4-4CC0-B2FF-FD8C6947E2EC}
		{015E2252-8DBE-448A-B023-49658DD1C279} = {F07BE446-F6E4-4CC0-B2FF-FD8C6947E2EC}
		{6F1B9BB8-A2BD-4F11-B06E-813EF0C2709B} = {F07BE446-F6E4-4CC0-B2FF-FD8C6947E2EC}
		{BE263172-DD26-4295-9282-FC582C6E0739} = {F07BE446-F6E4-4CC0-B2FF-FD8C6947E2EC}
		{146708A4-F81D-44AE-81BB-76C48AAB0407} = {54274C60-2F9E-4B73-AA09-3096442D709F}
		{EB90A39A-730C-4041-B785-7F60E65281C0} = {0103CF51-429F-44BB-8F9D-390FFCFF89FC}
		{7043863C-9429-48A7-8B27-56C9840EBB1C} = {EC6A471F-754C-4807-B4BB-5BF6B6E29B3F}
		{A0EF7B01-D541-48A5-8973-78618DA8198B} = {7043863C-9429-48A7-8B27-56C9840EBB1C}
		{980C4459-F6A5-41A4-8226-69D7C7A0820E} = {7043863C-9429-48A7-8B27-56C9840EBB1C}
		{2C4BAF37-7283-4DA6-8BD3-C2BF2CBE93D8} = {7043863C-9429-48A7-8B27-56C9840EBB1C}
		{DD7B2547-7A7E-4F60-A447-9F533D7F6C45} = {EC6A471F-754C-4807-B4BB-5BF6B6E29B3F}
		{A3A7ECC8-4775-47DD-87C4-1464966FA100} = {DD7B2547-7A7E-4F60-A447-9F533D7F6C45}
		{594BBCD5-9994-46BE-944E-9C529F74E3E7} = {DD7B2547-7A7E-4F60-A447-9F533D7F6C45}
		{C408F4CD-04A1-4030-9EA7-120954CBB40D} = {DD7B2547-7A7E-4F60-A447-9F533D7F6C45}
		{F0974635-C829-4C74-BFD9-F02E2E85A731} = {54274C60-2F9E-4B73-AA09-3096442D709F}
		{B19A5CED-91F4-4447-A69A-3C37B636D4EE} = {54274C60-2F9E-4B73-AA09-3096442D709F}
		{D28332C5-30C1-4913-B99A-6A686D1C5742} = {0ECF8E47-D982-466B-B567-D318C89C7FB3}
		{AFD2732A-A398-4C44-991D-01F93BB518A7} = {07E53129-8FD0-43F7-AC6B-1F064623E11B}
		{311AC307-6C92-4A53-A1C1-D7B1EF85022E} = {2E584EF3-A95D-4728-9165-0F33691D697F}
		{1944D48F-DC68-4940-8208-106E7BD2C554} = {2E584EF3-A95D-4728-9165-0F33691D697F}
		{8843DE35-98A0-468B-B837-FF9F3D48A471} = {2E584EF3-A95D-4728-9165-0F33691D697F}
	EndGlobalSection
	GlobalSection(ExtensibilityGlobals) = postSolution
		SolutionGuid = {3469C5F2-B365-472B-BB58-FF0680ED7F3F}
	EndGlobalSection
EndGlobal
